
Microsoft Visual Studio Solution File, Format Version 12.00
# Visual Studio Version 17
VisualStudioVersion = 17.3.32901.215
MinimumVisualStudioVersion = 10.0.40219.1
Project("{9A19103F-16F7-4668-BE54-9A1E7A4F7556}") = "UdonMidiPersistence", "UdonMidiPersistence\UdonMidiPersistence.csproj", "{5DC2C4FE-78DA-4FC0-85D5-0DCE88329179}"
EndProject
Project("{54435603-DBB4-11D2-8724-00A0C9A8B90C}") = "UdonMidiPersistenceSetup", "UdonMidiPersistenceSetup\UdonMidiPersistenceSetup.vdproj", "{218E8A0F-E4F4-41EF-8884-CE5756A7109B}"
EndProject
Global
	GlobalSection(SolutionConfigurationPlatforms) = preSolution
		Debug|Any CPU = Debug|Any CPU
		Release|Any CPU = Release|Any CPU
	EndGlobalSection
	GlobalSection(ProjectConfigurationPlatforms) = postSolution
		{5DC2C4FE-78DA-4FC0-85D5-0DCE88329179}.Debug|Any CPU.ActiveCfg = Debug|Any CPU
		{5DC2C4FE-78DA-4FC0-85D5-0DCE88329179}.Debug|Any CPU.Build.0 = Debug|Any CPU
		{5DC2C4FE-78DA-4FC0-85D5-0DCE88329179}.Release|Any CPU.ActiveCfg = Release|Any CPU
		{5DC2C4FE-78DA-4FC0-85D5-0DCE88329179}.Release|Any CPU.Build.0 = Release|Any CPU
		{218E8A0F-E4F4-41EF-8884-CE5756A7109B}.Debug|Any CPU.ActiveCfg = Debug
		{218E8A0F-E4F4-41EF-8884-CE5756A7109B}.Release|Any CPU.ActiveCfg = Release
	EndGlobalSection
	GlobalSection(SolutionProperties) = preSolution
		HideSolutionNode = FALSE
	EndGlobalSection
	GlobalSection(ExtensibilityGlobals) = postSolution
		SolutionGuid = {61B9CDCC-79A7-4626-BCCC-5F03AF7B7E5B}
	EndGlobalSection
EndGlobal
